
Microsoft Visual Studio Solution File, Format Version 12.00
# Visual Studio Version 16
VisualStudioVersion = 16.0.29215.179
MinimumVisualStudioVersion = 10.0.40219.1
Project("{FAE04EC0-301F-11D3-BF4B-00C04F79EFBC}") = "ConsoleApp2", "ConsoleApp2\ConsoleApp2.csproj", "{90BE553E-643A-4381-8E19-00A3B5AEA035}"
EndProject
Global
	GlobalSection(SolutionConfigurationPlatforms) = preSolution
		Debug|Any CPU = Debug|Any CPU
		Release|Any CPU = Release|Any CPU
	EndGlobalSection
	GlobalSection(ProjectConfigurationPlatforms) = postSolution
		{90BE553E-643A-4381-8E19-00A3B5AEA035}.Debug|Any CPU.ActiveCfg = Debug|Any CPU
		{90BE553E-643A-4381-8E19-00A3B5AEA035}.Debug|Any CPU.Build.0 = Debug|Any CPU
		{90BE553E-643A-4381-8E19-00A3B5AEA035}.Release|Any CPU.ActiveCfg = Release|Any CPU
		{90BE553E-643A-4381-8E19-00A3B5AEA035}.Release|Any CPU.Build.0 = Release|Any CPU
	EndGlobalSection
	GlobalSection(SolutionProperties) = preSolution
		HideSolutionNode = FALSE
	EndGlobalSection
	GlobalSection(ExtensibilityGlobals) = postSolution
		SolutionGuid = {B5D72F8C-9AE8-4F94-A6FE-24D12C4C2818}
	EndGlobalSection
EndGlobal
